
Microsoft Visual Studio Solution File, Format Version 12.00
# Visual Studio 15
VisualStudioVersion = 15.0.28307.1800
MinimumVisualStudioVersion = 10.0.40219.1
Project("{FAE04EC0-301F-11D3-BF4B-00C04F79EFBC}") = "MasterCrewExplorer", "MasterCrewExplorer\MasterCrewExplorer.csproj", "{D2C381C1-83A1-4221-AA21-246C39C0584D}"
EndProject
Global
	GlobalSection(SolutionConfigurationPlatforms) = preSolution
		Debug|Any CPU = Debug|Any CPU
		Release|Any CPU = Release|Any CPU
	EndGlobalSection
	GlobalSection(ProjectConfigurationPlatforms) = postSolution
		{D2C381C1-83A1-4221-AA21-246C39C0584D}.Debug|Any CPU.ActiveCfg = Debug|Any CPU
		{D2C381C1-83A1-4221-AA21-246C39C0584D}.Debug|Any CPU.Build.0 = Debug|Any CPU
		{D2C381C1-83A1-4221-AA21-246C39C0584D}.Release|Any CPU.ActiveCfg = Release|Any CPU
		{D2C381C1-83A1-4221-AA21-246C39C0584D}.Release|Any CPU.Build.0 = Release|Any CPU
	EndGlobalSection
	GlobalSection(SolutionProperties) = preSolution
		HideSolutionNode = FALSE
	EndGlobalSection
	GlobalSection(ExtensibilityGlobals) = postSolution
		SolutionGuid = {869D138B-9293-46DE-B5F7-EE722305F654}
	EndGlobalSection
EndGlobal
